// !$*UTF8*$!
{
	archiveVersion = 1;
	classes = {
	};
	objectVersion = 56;
	objects = {

/* Begin PBXBuildFile section */
		E9D1B228291CC53D002F29FE /* AppDelegate.swift in Sources */ = {isa = PBXBuildFile; fileRef = E9D1B227291CC53D002F29FE /* AppDelegate.swift */; };
		E9D1B22A291CC53D002F29FE /* SceneDelegate.swift in Sources */ = {isa = PBXBuildFile; fileRef = E9D1B229291CC53D002F29FE /* SceneDelegate.swift */; };
		E9D1B22C291CC53D002F29FE /* ViewController.swift in Sources */ = {isa = PBXBuildFile; fileRef = E9D1B22B291CC53D002F29FE /* ViewController.swift */; };
		E9D1B22F291CC53D002F29FE /* Main.storyboard in Resources */ = {isa = PBXBuildFile; fileRef = E9D1B22D291CC53D002F29FE /* Main.storyboard */; };
		E9D1B231291CC53F002F29FE /* Assets.xcassets in Resources */ = {isa = PBXBuildFile; fileRef = E9D1B230291CC53F002F29FE /* Assets.xcassets */; };
		E9D1B234291CC53F002F29FE /* LaunchScreen.storyboard in Resources */ = {isa = PBXBuildFile; fileRef = E9D1B232291CC53F002F29FE /* LaunchScreen.storyboard */; };
		E9D1B23F291CC53F002F29FE /* SunnyWeatherTests.swift in Sources */ = {isa = PBXBuildFile; fileRef = E9D1B23E291CC53F002F29FE /* SunnyWeatherTests.swift */; };
		E9D1B249291CC53F002F29FE /* SunnyWeatherUITests.swift in Sources */ = {isa = PBXBuildFile; fileRef = E9D1B248291CC53F002F29FE /* SunnyWeatherUITests.swift */; };
		E9D1B24B291CC53F002F29FE /* SunnyWeatherUITestsLaunchTests.swift in Sources */ = {isa = PBXBuildFile; fileRef = E9D1B24A291CC53F002F29FE /* SunnyWeatherUITestsLaunchTests.swift */; };
/* End PBXBuildFile section */

/* Begin PBXContainerItemProxy section */
		E9D1B23B291CC53F002F29FE /* PBXContainerItemProxy */ = {
			isa = PBXContainerItemProxy;
			containerPortal = E9D1B21C291CC53D002F29FE /* Project object */;
			proxyType = 1;
			remoteGlobalIDString = E9D1B223291CC53D002F29FE;
			remoteInfo = SunnyWeather;
		};
		E9D1B245291CC53F002F29FE /* PBXContainerItemProxy */ = {
			isa = PBXContainerItemProxy;
			containerPortal = E9D1B21C291CC53D002F29FE /* Project object */;
			proxyType = 1;
			remoteGlobalIDString = E9D1B223291CC53D002F29FE;
			remoteInfo = SunnyWeather;
		};
/* End PBXContainerItemProxy section */

/* Begin PBXFileReference section */
		E9D1B224291CC53D002F29FE /* SunnyWeather.app */ = {isa = PBXFileReference; explicitFileType = wrapper.application; includeInIndex = 0; path = SunnyWeather.app; sourceTree = BUILT_PRODUCTS_DIR; };
		E9D1B227291CC53D002F29FE /* AppDelegate.swift */ = {isa = PBXFileReference; lastKnownFileType = sourcecode.swift; path = AppDelegate.swift; sourceTree = "<group>"; };
		E9D1B229291CC53D002F29FE /* SceneDelegate.swift */ = {isa = PBXFileReference; lastKnownFileType = sourcecode.swift; path = SceneDelegate.swift; sourceTree = "<group>"; };
		E9D1B22B291CC53D002F29FE /* ViewController.swift */ = {isa = PBXFileReference; lastKnownFileType = sourcecode.swift; path = ViewController.swift; sourceTree = "<group>"; };
		E9D1B22E291CC53D002F29FE /* Base */ = {isa = PBXFileReference; lastKnownFileType = file.storyboard; name = Base; path = Base.lproj/Main.storyboard; sourceTree = "<group>"; };
		E9D1B230291CC53F002F29FE /* Assets.xcassets */ = {isa = PBXFileReference; lastKnownFileType = folder.assetcatalog; path = Assets.xcassets; sourceTree = "<group>"; };
		E9D1B233291CC53F002F29FE /* Base */ = {isa = PBXFileReference; lastKnownFileType = file.storyboard; name = Base; path = Base.lproj/LaunchScreen.storyboard; sourceTree = "<group>"; };
		E9D1B235291CC53F002F29FE /* Info.plist */ = {isa = PBXFileReference; lastKnownFileType = text.plist.xml; path = Info.plist; sourceTree = "<group>"; };
		E9D1B23A291CC53F002F29FE /* SunnyWeatherTests.xctest */ = {isa = PBXFileReference; explicitFileType = wrapper.cfbundle; includeInIndex = 0; path = SunnyWeatherTests.xctest; sourceTree = BUILT_PRODUCTS_DIR; };
		E9D1B23E291CC53F002F29FE /* SunnyWeatherTests.swift */ = {isa = PBXFileReference; lastKnownFileType = sourcecode.swift; path = SunnyWeatherTests.swift; sourceTree = "<group>"; };
		E9D1B244291CC53F002F29FE /* SunnyWeatherUITests.xctest */ = {isa = PBXFileReference; explicitFileType = wrapper.cfbundle; includeInIndex = 0; path = SunnyWeatherUITests.xctest; sourceTree = BUILT_PRODUCTS_DIR; };
		E9D1B248291CC53F002F29FE /* SunnyWeatherUITests.swift */ = {isa = PBXFileReference; lastKnownFileType = sourcecode.swift; path = SunnyWeatherUITests.swift; sourceTree = "<group>"; };
		E9D1B24A291CC53F002F29FE /* SunnyWeatherUITestsLaunchTests.swift */ = {isa = PBXFileReference; lastKnownFileType = sourcecode.swift; path = SunnyWeatherUITestsLaunchTests.swift; sourceTree = "<group>"; };
/* End PBXFileReference section */

/* Begin PBXFrameworksBuildPhase section */
		E9D1B221291CC53D002F29FE /* Frameworks */ = {
			isa = PBXFrameworksBuildPhase;
			buildActionMask = 2147483647;
			files = (
			);
			runOnlyForDeploymentPostprocessing = 0;
		};
		E9D1B237291CC53F002F29FE /* Frameworks */ = {
			isa = PBXFrameworksBuildPhase;
			buildActionMask = 2147483647;
			files = (
			);
			runOnlyForDeploymentPostprocessing = 0;
		};
		E9D1B241291CC53F002F29FE /* Frameworks */ = {
			isa = PBXFrameworksBuildPhase;
			buildActionMask = 2147483647;
			files = (
			);
			runOnlyForDeploymentPostprocessing = 0;
		};
/* End PBXFrameworksBuildPhase section */

/* Begin PBXGroup section */
		E9D1B21B291CC53D002F29FE = {
			isa = PBXGroup;
			children = (
				E9D1B226291CC53D002F29FE /* SunnyWeather */,
				E9D1B23D291CC53F002F29FE /* SunnyWeatherTests */,
				E9D1B247291CC53F002F29FE /* SunnyWeatherUITests */,
				E9D1B225291CC53D002F29FE /* Products */,
			);
			sourceTree = "<group>";
		};
		E9D1B225291CC53D002F29FE /* Products */ = {
			isa = PBXGroup;
			children = (
				E9D1B224291CC53D002F29FE /* SunnyWeather.app */,
				E9D1B23A291CC53F002F29FE /* SunnyWeatherTests.xctest */,
				E9D1B244291CC53F002F29FE /* SunnyWeatherUITests.xctest */,
			);
			name = Products;
			sourceTree = "<group>";
		};
		E9D1B226291CC53D002F29FE /* SunnyWeather */ = {
			isa = PBXGroup;
			children = (
				E9D1B227291CC53D002F29FE /* AppDelegate.swift */,
				E9D1B229291CC53D002F29FE /* SceneDelegate.swift */,
				E9D1B22B291CC53D002F29FE /* ViewController.swift */,
				E9D1B22D291CC53D002F29FE /* Main.storyboard */,
				E9D1B230291CC53F002F29FE /* Assets.xcassets */,
				E9D1B232291CC53F002F29FE /* LaunchScreen.storyboard */,
				E9D1B235291CC53F002F29FE /* Info.plist */,
			);
			path = SunnyWeather;
			sourceTree = "<group>";
		};
		E9D1B23D291CC53F002F29FE /* SunnyWeatherTests */ = {
			isa = PBXGroup;
			children = (
				E9D1B23E291CC53F002F29FE /* SunnyWeatherTests.swift */,
			);
			path = SunnyWeatherTests;
			sourceTree = "<group>";
		};
		E9D1B247291CC53F002F29FE /* SunnyWeatherUITests */ = {
			isa = PBXGroup;
			children = (
				E9D1B248291CC53F002F29FE /* SunnyWeatherUITests.swift */,
				E9D1B24A291CC53F002F29FE /* SunnyWeatherUITestsLaunchTests.swift */,
			);
			path = SunnyWeatherUITests;
			sourceTree = "<group>";
		};
/* End PBXGroup section */

/* Begin PBXNativeTarget section */
		E9D1B223291CC53D002F29FE /* SunnyWeather */ = {
			isa = PBXNativeTarget;
			buildConfigurationList = E9D1B24E291CC53F002F29FE /* Build configuration list for PBXNativeTarget "SunnyWeather" */;
			buildPhases = (
				E9D1B220291CC53D002F29FE /* Sources */,
				E9D1B221291CC53D002F29FE /* Frameworks */,
				E9D1B222291CC53D002F29FE /* Resources */,
			);
			buildRules = (
			);
			dependencies = (
			);
			name = SunnyWeather;
			productName = SunnyWeather;
			productReference = E9D1B224291CC53D002F29FE /* SunnyWeather.app */;
			productType = "com.apple.product-type.application";
		};
		E9D1B239291CC53F002F29FE /* SunnyWeatherTests */ = {
			isa = PBXNativeTarget;
			buildConfigurationList = E9D1B251291CC53F002F29FE /* Build configuration list for PBXNativeTarget "SunnyWeatherTests" */;
			buildPhases = (
				E9D1B236291CC53F002F29FE /* Sources */,
				E9D1B237291CC53F002F29FE /* Frameworks */,
				E9D1B238291CC53F002F29FE /* Resources */,
			);
			buildRules = (
			);
			dependencies = (
				E9D1B23C291CC53F002F29FE /* PBXTargetDependency */,
			);
			name = SunnyWeatherTests;
			productName = SunnyWeatherTests;
			productReference = E9D1B23A291CC53F002F29FE /* SunnyWeatherTests.xctest */;
			productType = "com.apple.product-type.bundle.unit-test";
		};
		E9D1B243291CC53F002F29FE /* SunnyWeatherUITests */ = {
			isa = PBXNativeTarget;
			buildConfigurationList = E9D1B254291CC53F002F29FE /* Build configuration list for PBXNativeTarget "SunnyWeatherUITests" */;
			buildPhases = (
				E9D1B240291CC53F002F29FE /* Sources */,
				E9D1B241291CC53F002F29FE /* Frameworks */,
				E9D1B242291CC53F002F29FE /* Resources */,
			);
			buildRules = (
			);
			dependencies = (
				E9D1B246291CC53F002F29FE /* PBXTargetDependency */,
			);
			name = SunnyWeatherUITests;
			productName = SunnyWeatherUITests;
			productReference = E9D1B244291CC53F002F29FE /* SunnyWeatherUITests.xctest */;
			productType = "com.apple.product-type.bundle.ui-testing";
		};
/* End PBXNativeTarget section */

/* Begin PBXProject section */
		E9D1B21C291CC53D002F29FE /* Project object */ = {
			isa = PBXProject;
			attributes = {
				BuildIndependentTargetsInParallel = 1;
				LastSwiftUpdateCheck = 1410;
				LastUpgradeCheck = 1410;
				TargetAttributes = {
					E9D1B223291CC53D002F29FE = {
						CreatedOnToolsVersion = 14.1;
					};
					E9D1B239291CC53F002F29FE = {
						CreatedOnToolsVersion = 14.1;
						TestTargetID = E9D1B223291CC53D002F29FE;
					};
					E9D1B243291CC53F002F29FE = {
						CreatedOnToolsVersion = 14.1;
						TestTargetID = E9D1B223291CC53D002F29FE;
					};
				};
			};
			buildConfigurationList = E9D1B21F291CC53D002F29FE /* Build configuration list for PBXProject "SunnyWeather" */;
			compatibilityVersion = "Xcode 14.0";
			developmentRegion = en;
			hasScannedForEncodings = 0;
			knownRegions = (
				en,
				Base,
			);
			mainGroup = E9D1B21B291CC53D002F29FE;
			productRefGroup = E9D1B225291CC53D002F29FE /* Products */;
			projectDirPath = "";
			projectRoot = "";
			targets = (
				E9D1B223291CC53D002F29FE /* SunnyWeather */,
				E9D1B239291CC53F002F29FE /* SunnyWeatherTests */,
				E9D1B243291CC53F002F29FE /* SunnyWeatherUITests */,
			);
		};
/* End PBXProject section */

/* Begin PBXResourcesBuildPhase section */
		E9D1B222291CC53D002F29FE /* Resources */ = {
			isa = PBXResourcesBuildPhase;
			buildActionMask = 2147483647;
			files = (
				E9D1B234291CC53F002F29FE /* LaunchScreen.storyboard in Resources */,
				E9D1B231291CC53F002F29FE /* Assets.xcassets in Resources */,
				E9D1B22F291CC53D002F29FE /* Main.storyboard in Resources */,
			);
			runOnlyForDeploymentPostprocessing = 0;
		};
		E9D1B238291CC53F002F29FE /* Resources */ = {
			isa = PBXResourcesBuildPhase;
			buildActionMask = 2147483647;
			files = (
			);
			runOnlyForDeploymentPostprocessing = 0;
		};
		E9D1B242291CC53F002F29FE /* Resources */ = {
			isa = PBXResourcesBuildPhase;
			buildActionMask = 2147483647;
			files = (
			);
			runOnlyForDeploymentPostprocessing = 0;
		};
/* End PBXResourcesBuildPhase section */

/* Begin PBXSourcesBuildPhase section */
		E9D1B220291CC53D002F29FE /* Sources */ = {
			isa = PBXSourcesBuildPhase;
			buildActionMask = 2147483647;
			files = (
				E9D1B22C291CC53D002F29FE /* ViewController.swift in Sources */,
				E9D1B228291CC53D002F29FE /* AppDelegate.swift in Sources */,
				E9D1B22A291CC53D002F29FE /* SceneDelegate.swift in Sources */,
			);
			runOnlyForDeploymentPostprocessing = 0;
		};
		E9D1B236291CC53F002F29FE /* Sources */ = {
			isa = PBXSourcesBuildPhase;
			buildActionMask = 2147483647;
			files = (
				E9D1B23F291CC53F002F29FE /* SunnyWeatherTests.swift in Sources */,
			);
			runOnlyForDeploymentPostprocessing = 0;
		};
		E9D1B240291CC53F002F29FE /* Sources */ = {
			isa = PBXSourcesBuildPhase;
			buildActionMask = 2147483647;
			files = (
				E9D1B249291CC53F002F29FE /* SunnyWeatherUITests.swift in Sources */,
				E9D1B24B291CC53F002F29FE /* SunnyWeatherUITestsLaunchTests.swift in Sources */,
			);
			runOnlyForDeploymentPostprocessing = 0;
		};
/* End PBXSourcesBuildPhase section */

/* Begin PBXTargetDependency section */
		E9D1B23C291CC53F002F29FE /* PBXTargetDependency */ = {
			isa = PBXTargetDependency;
			target = E9D1B223291CC53D002F29FE /* SunnyWeather */;
			targetProxy = E9D1B23B291CC53F002F29FE /* PBXContainerItemProxy */;
		};
		E9D1B246291CC53F002F29FE /* PBXTargetDependency */ = {
			isa = PBXTargetDependency;
			target = E9D1B223291CC53D002F29FE /* SunnyWeather */;
			targetProxy = E9D1B245291CC53F002F29FE /* PBXContainerItemProxy */;
		};
/* End PBXTargetDependency section */

/* Begin PBXVariantGroup section */
		E9D1B22D291CC53D002F29FE /* Main.storyboard */ = {
			isa = PBXVariantGroup;
			children = (
				E9D1B22E291CC53D002F29FE /* Base */,
			);
			name = Main.storyboard;
			sourceTree = "<group>";
		};
		E9D1B232291CC53F002F29FE /* LaunchScreen.storyboard */ = {
			isa = PBXVariantGroup;
			children = (
				E9D1B233291CC53F002F29FE /* Base */,
			);
			name = LaunchScreen.storyboard;
			sourceTree = "<group>";
		};
/* End PBXVariantGroup section */

/* Begin XCBuildConfiguration section */
		E9D1B24C291CC53F002F29FE /* Debug */ = {
			isa = XCBuildConfiguration;
			buildSettings = {
				ALWAYS_SEARCH_USER_PATHS = NO;
				CLANG_ANALYZER_NONNULL = YES;
				CLANG_ANALYZER_NUMBER_OBJECT_CONVERSION = YES_AGGRESSIVE;
				CLANG_CXX_LANGUAGE_STANDARD = "gnu++20";
				CLANG_ENABLE_MODULES = YES;
				CLANG_ENABLE_OBJC_ARC = YES;
				CLANG_ENABLE_OBJC_WEAK = YES;
				CLANG_WARN_BLOCK_CAPTURE_AUTORELEASING = YES;
				CLANG_WARN_BOOL_CONVERSION = YES;
				CLANG_WARN_COMMA = YES;
				CLANG_WARN_CONSTANT_CONVERSION = YES;
				CLANG_WARN_DEPRECATED_OBJC_IMPLEMENTATIONS = YES;
				CLANG_WARN_DIRECT_OBJC_ISA_USAGE = YES_ERROR;
				CLANG_WARN_DOCUMENTATION_COMMENTS = YES;
				CLANG_WARN_EMPTY_BODY = YES;
				CLANG_WARN_ENUM_CONVERSION = YES;
				CLANG_WARN_INFINITE_RECURSION = YES;
				CLANG_WARN_INT_CONVERSION = YES;
				CLANG_WARN_NON_LITERAL_NULL_CONVERSION = YES;
				CLANG_WARN_OBJC_IMPLICIT_RETAIN_SELF = YES;
				CLANG_WARN_OBJC_LITERAL_CONVERSION = YES;
				CLANG_WARN_OBJC_ROOT_CLASS = YES_ERROR;
				CLANG_WARN_QUOTED_INCLUDE_IN_FRAMEWORK_HEADER = YES;
				CLANG_WARN_RANGE_LOOP_ANALYSIS = YES;
				CLANG_WARN_STRICT_PROTOTYPES = YES;
				CLANG_WARN_SUSPICIOUS_MOVE = YES;
				CLANG_WARN_UNGUARDED_AVAILABILITY = YES_AGGRESSIVE;
				CLANG_WARN_UNREACHABLE_CODE = YES;
				CLANG_WARN__DUPLICATE_METHOD_MATCH = YES;
				COPY_PHASE_STRIP = NO;
				DEBUG_INFORMATION_FORMAT = dwarf;
				ENABLE_STRICT_OBJC_MSGSEND = YES;
				ENABLE_TESTABILITY = YES;
				GCC_C_LANGUAGE_STANDARD = gnu11;
				GCC_DYNAMIC_NO_PIC = NO;
				GCC_NO_COMMON_BLOCKS = YES;
				GCC_OPTIMIZATION_LEVEL = 0;
				GCC_PREPROCESSOR_DEFINITIONS = (
					"DEBUG=1",
					"$(inherited)",
				);
				GCC_WARN_64_TO_32_BIT_CONVERSION = YES;
				GCC_WARN_ABOUT_RETURN_TYPE = YES_ERROR;
				GCC_WARN_UNDECLARED_SELECTOR = YES;
				GCC_WARN_UNINITIALIZED_AUTOS = YES_AGGRESSIVE;
				GCC_WARN_UNUSED_FUNCTION = YES;
				GCC_WARN_UNUSED_VARIABLE = YES;
				IPHONEOS_DEPLOYMENT_TARGET = 16.1;
				MTL_ENABLE_DEBUG_INFO = INCLUDE_SOURCE;
				MTL_FAST_MATH = YES;
				ONLY_ACTIVE_ARCH = YES;
				SDKROOT = iphoneos;
				SWIFT_ACTIVE_COMPILATION_CONDITIONS = DEBUG;
				SWIFT_OPTIMIZATION_LEVEL = "-Onone";
			};
			name = Debug;
		};
		E9D1B24D291CC53F002F29FE /* Release */ = {
			isa = XCBuildConfiguration;
			buildSettings = {
				ALWAYS_SEARCH_USER_PATHS = NO;
				CLANG_ANALYZER_NONNULL = YES;
				CLANG_ANALYZER_NUMBER_OBJECT_CONVERSION = YES_AGGRESSIVE;
				CLANG_CXX_LANGUAGE_STANDARD = "gnu++20";
				CLANG_ENABLE_MODULES = YES;
				CLANG_ENABLE_OBJC_ARC = YES;
				CLANG_ENABLE_OBJC_WEAK = YES;
				CLANG_WARN_BLOCK_CAPTURE_AUTORELEASING = YES;
				CLANG_WARN_BOOL_CONVERSION = YES;
				CLANG_WARN_COMMA = YES;
				CLANG_WARN_CONSTANT_CONVERSION = YES;
				CLANG_WARN_DEPRECATED_OBJC_IMPLEMENTATIONS = YES;
				CLANG_WARN_DIRECT_OBJC_ISA_USAGE = YES_ERROR;
				CLANG_WARN_DOCUMENTATION_COMMENTS = YES;
				CLANG_WARN_EMPTY_BODY = YES;
				CLANG_WARN_ENUM_CONVERSION = YES;
				CLANG_WARN_INFINITE_RECURSION = YES;
				CLANG_WARN_INT_CONVERSION = YES;
				CLANG_WARN_NON_LITERAL_NULL_CONVERSION = YES;
				CLANG_WARN_OBJC_IMPLICIT_RETAIN_SELF = YES;
				CLANG_WARN_OBJC_LITERAL_CONVERSION = YES;
				CLANG_WARN_OBJC_ROOT_CLASS = YES_ERROR;
				CLANG_WARN_QUOTED_INCLUDE_IN_FRAMEWORK_HEADER = YES;
				CLANG_WARN_RANGE_LOOP_ANALYSIS = YES;
				CLANG_WARN_STRICT_PROTOTYPES = YES;
				CLANG_WARN_SUSPICIOUS_MOVE = YES;
				CLANG_WARN_UNGUARDED_AVAILABILITY = YES_AGGRESSIVE;
				CLANG_WARN_UNREACHABLE_CODE = YES;
				CLANG_WARN__DUPLICATE_METHOD_MATCH = YES;
				COPY_PHASE_STRIP = NO;
				DEBUG_INFORMATION_FORMAT = "dwarf-with-dsym";
				ENABLE_NS_ASSERTIONS = NO;
				ENABLE_STRICT_OBJC_MSGSEND = YES;
				GCC_C_LANGUAGE_STANDARD = gnu11;
				GCC_NO_COMMON_BLOCKS = YES;
				GCC_WARN_64_TO_32_BIT_CONVERSION = YES;
				GCC_WARN_ABOUT_RETURN_TYPE = YES_ERROR;
				GCC_WARN_UNDECLARED_SELECTOR = YES;
				GCC_WARN_UNINITIALIZED_AUTOS = YES_AGGRESSIVE;
				GCC_WARN_UNUSED_FUNCTION = YES;
				GCC_WARN_UNUSED_VARIABLE = YES;
				IPHONEOS_DEPLOYMENT_TARGET = 16.1;
				MTL_ENABLE_DEBUG_INFO = NO;
				MTL_FAST_MATH = YES;
				SDKROOT = iphoneos;
				SWIFT_COMPILATION_MODE = wholemodule;
				SWIFT_OPTIMIZATION_LEVEL = "-O";
				VALIDATE_PRODUCT = YES;
			};
			name = Release;
		};
		E9D1B24F291CC53F002F29FE /* Debug */ = {
			isa = XCBuildConfiguration;
			buildSettings = {
				ASSETCATALOG_COMPILER_APPICON_NAME = AppIcon;
				ASSETCATALOG_COMPILER_GLOBAL_ACCENT_COLOR_NAME = AccentColor;
				CODE_SIGN_STYLE = Automatic;
				CURRENT_PROJECT_VERSION = 1;
				DEVELOPMENT_TEAM = 3QU3PFH6FP;
				GENERATE_INFOPLIST_FILE = YES;
				INFOPLIST_FILE = SunnyWeather/Info.plist;
				INFOPLIST_KEY_UIApplicationSupportsIndirectInputEvents = YES;
				INFOPLIST_KEY_UILaunchStoryboardName = LaunchScreen;
				INFOPLIST_KEY_UIMainStoryboardFile = Main;
				INFOPLIST_KEY_UISupportedInterfaceOrientations_iPad = "UIInterfaceOrientationPortrait UIInterfaceOrientationPortraitUpsideDown UIInterfaceOrientationLandscapeLeft UIInterfaceOrientationLandscapeRight";
				INFOPLIST_KEY_UISupportedInterfaceOrientations_iPhone = "UIInterfaceOrientationPortrait UIInterfaceOrientationLandscapeLeft UIInterfaceOrientationLandscapeRight";
				LD_RUNPATH_SEARCH_PATHS = (
					"$(inherited)",
					"@executable_path/Frameworks",
				);
				MARKETING_VERSION = 1.0;
				PRODUCT_BUNDLE_IDENTIFIER = com.scorpion.SunnyWeather;
				PRODUCT_NAME = "$(TARGET_NAME)";
				SWIFT_EMIT_LOC_STRINGS = YES;
				SWIFT_VERSION = 5.0;
				TARGETED_DEVICE_FAMILY = "1,2";
			};
			name = Debug;
		};
		E9D1B250291CC53F002F29FE /* Release */ = {
			isa = XCBuildConfiguration;
			buildSettings = {
				ASSETCATALOG_COMPILER_APPICON_NAME = AppIcon;
				ASSETCATALOG_COMPILER_GLOBAL_ACCENT_COLOR_NAME = AccentColor;
				CODE_SIGN_STYLE = Automatic;
				CURRENT_PROJECT_VERSION = 1;
				DEVELOPMENT_TEAM = 3QU3PFH6FP;
				GENERATE_INFOPLIST_FILE = YES;
				INFOPLIST_FILE = SunnyWeather/Info.plist;
				INFOPLIST_KEY_UIApplicationSupportsIndirectInputEvents = YES;
				INFOPLIST_KEY_UILaunchStoryboardName = LaunchScreen;
				INFOPLIST_KEY_UIMainStoryboardFile = Main;
				INFOPLIST_KEY_UISupportedInterfaceOrientations_iPad = "UIInterfaceOrientationPortrait UIInterfaceOrientationPortraitUpsideDown UIInterfaceOrientationLandscapeLeft UIInterfaceOrientationLandscapeRight";
				INFOPLIST_KEY_UISupportedInterfaceOrientations_iPhone = "UIInterfaceOrientationPortrait UIInterfaceOrientationLandscapeLeft UIInterfaceOrientationLandscapeRight";
				LD_RUNPATH_SEARCH_PATHS = (
					"$(inherited)",
					"@executable_path/Frameworks",
				);
				MARKETING_VERSION = 1.0;
				PRODUCT_BUNDLE_IDENTIFIER = com.scorpion.SunnyWeather;
				PRODUCT_NAME = "$(TARGET_NAME)";
				SWIFT_EMIT_LOC_STRINGS = YES;
				SWIFT_VERSION = 5.0;
				TARGETED_DEVICE_FAMILY = "1,2";
			};
			name = Release;
		};
		E9D1B252291CC53F002F29FE /* Debug */ = {
			isa = XCBuildConfiguration;
			buildSettings = {
				ALWAYS_EMBED_SWIFT_STANDARD_LIBRARIES = YES;
				BUNDLE_LOADER = "$(TEST_HOST)";
				CODE_SIGN_STYLE = Automatic;
				CURRENT_PROJECT_VERSION = 1;
				DEVELOPMENT_TEAM = 3QU3PFH6FP;
				GENERATE_INFOPLIST_FILE = YES;
				IPHONEOS_DEPLOYMENT_TARGET = 16.1;
				MARKETING_VERSION = 1.0;
				PRODUCT_BUNDLE_IDENTIFIER = com.scorpion.SunnyWeatherTests;
				PRODUCT_NAME = "$(TARGET_NAME)";
				SWIFT_EMIT_LOC_STRINGS = NO;
				SWIFT_VERSION = 5.0;
				TARGETED_DEVICE_FAMILY = "1,2";
				TEST_HOST = "$(BUILT_PRODUCTS_DIR)/SunnyWeather.app/$(BUNDLE_EXECUTABLE_FOLDER_PATH)/SunnyWeather";
			};
			name = Debug;
		};
		E9D1B253291CC53F002F29FE /* Release */ = {
			isa = XCBuildConfiguration;
			buildSettings = {
				ALWAYS_EMBED_SWIFT_STANDARD_LIBRARIES = YES;
				BUNDLE_LOADER = "$(TEST_HOST)";
				CODE_SIGN_STYLE = Automatic;
				CURRENT_PROJECT_VERSION = 1;
				DEVELOPMENT_TEAM = 3QU3PFH6FP;
				GENERATE_INFOPLIST_FILE = YES;
				IPHONEOS_DEPLOYMENT_TARGET = 16.1;
				MARKETING_VERSION = 1.0;
				PRODUCT_BUNDLE_IDENTIFIER = com.scorpion.SunnyWeatherTests;
				PRODUCT_NAME = "$(TARGET_NAME)";
				SWIFT_EMIT_LOC_STRINGS = NO;
				SWIFT_VERSION = 5.0;
				TARGETED_DEVICE_FAMILY = "1,2";
				TEST_HOST = "$(BUILT_PRODUCTS_DIR)/SunnyWeather.app/$(BUNDLE_EXECUTABLE_FOLDER_PATH)/SunnyWeather";
			};
			name = Release;
		};
		E9D1B255291CC53F002F29FE /* Debug */ = {
			isa = XCBuildConfiguration;
			buildSettings = {
				ALWAYS_EMBED_SWIFT_STANDARD_LIBRARIES = YES;
				CODE_SIGN_STYLE = Automatic;
				CURRENT_PROJECT_VERSION = 1;
				DEVELOPMENT_TEAM = 3QU3PFH6FP;
				GENERATE_INFOPLIST_FILE = YES;
				MARKETING_VERSION = 1.0;
				PRODUCT_BUNDLE_IDENTIFIER = com.scorpion.SunnyWeatherUITests;
				PRODUCT_NAME = "$(TARGET_NAME)";
				SWIFT_EMIT_LOC_STRINGS = NO;
				SWIFT_VERSION = 5.0;
				TARGETED_DEVICE_FAMILY = "1,2";
				TEST_TARGET_NAME = SunnyWeather;
			};
			name = Debug;
		};
		E9D1B256291CC53F002F29FE /* Release */ = {
			isa = XCBuildConfiguration;
			buildSettings = {
				ALWAYS_EMBED_SWIFT_STANDARD_LIBRARIES = YES;
				CODE_SIGN_STYLE = Automatic;
				CURRENT_PROJECT_VERSION = 1;
				DEVELOPMENT_TEAM = 3QU3PFH6FP;
				GENERATE_INFOPLIST_FILE = YES;
				MARKETING_VERSION = 1.0;
				PRODUCT_BUNDLE_IDENTIFIER = com.scorpion.SunnyWeatherUITests;
				PRODUCT_NAME = "$(TARGET_NAME)";
				SWIFT_EMIT_LOC_STRINGS = NO;
				SWIFT_VERSION = 5.0;
				TARGETED_DEVICE_FAMILY = "1,2";
				TEST_TARGET_NAME = SunnyWeather;
			};
			name = Release;
		};
/* End XCBuildConfiguration section */

/* Begin XCConfigurationList section */
		E9D1B21F291CC53D002F29FE /* Build configuration list for PBXProject "SunnyWeather" */ = {
			isa = XCConfigurationList;
			buildConfigurations = (
				E9D1B24C291CC53F002F29FE /* Debug */,
				E9D1B24D291CC53F002F29FE /* Release */,
			);
			defaultConfigurationIsVisible = 0;
			defaultConfigurationName = Release;
		};
		E9D1B24E291CC53F002F29FE /* Build configuration list for PBXNativeTarget "SunnyWeather" */ = {
			isa = XCConfigurationList;
			buildConfigurations = (
				E9D1B24F291CC53F002F29FE /* Debug */,
				E9D1B250291CC53F002F29FE /* Release */,
			);
			defaultConfigurationIsVisible = 0;
			defaultConfigurationName = Release;
		};
		E9D1B251291CC53F002F29FE /* Build configuration list for PBXNativeTarget "SunnyWeatherTests" */ = {
			isa = XCConfigurationList;
			buildConfigurations = (
				E9D1B252291CC53F002F29FE /* Debug */,
				E9D1B253291CC53F002F29FE /* Release */,
			);
			defaultConfigurationIsVisible = 0;
			defaultConfigurationName = Release;
		};
		E9D1B254291CC53F002F29FE /* Build configuration list for PBXNativeTarget "SunnyWeatherUITests" */ = {
			isa = XCConfigurationList;
			buildConfigurations = (
				E9D1B255291CC53F002F29FE /* Debug */,
				E9D1B256291CC53F002F29FE /* Release */,
			);
			defaultConfigurationIsVisible = 0;
			defaultConfigurationName = Release;
		};
/* End XCConfigurationList section */
	};
	rootObject = E9D1B21C291CC53D002F29FE /* Project object */;
}
